<?xml version="1.0" encoding="utf-8"?>
<Project ToolsVersion="4.0" xmlns="http://schemas.microsoft.com/developer/msbuild/2003">
  <ItemGroup>
    <ClCompile Include="src\core\window\Context.cpp" />
    <ClCompile Include="src\core\window\Window.cpp" />
    <ClCompile Include="src\core\window\WindowManager.cpp" />
    <ClCompile Include="src\core\window\WindowDataExchange.cpp" />
    <ClCompile Include="src\core\window\WindowDialogs.cpp" />
    <ClCompile Include="src\core\window\WindowShell.cpp" />
    <ClCompile Include="src\pipeline\device\Device.cpp" />
    <ClCompile Include="src\core\input\InputSystem.cpp" />
    <ClCompile Include="src\core\time\FrameClock.cpp" />
    <Filter Include="Source Files">
      <UniqueIdentifier>{4FC737F1-C7A5-4376-A066-2A32D752A2FF}</UniqueIdentifier>
      <Extensions>cpp;c;cc;cxx;c++;cppm;ixx;def;odl;idl;hpj;bat;asm;asmx</Extensions>
    </Filter>
    <Filter Include="Header Files">
      <UniqueIdentifier>{93995380-89BD-4b04-88EB-625FBE52EBFB}</UniqueIdentifier>
      <Extensions>h;hh;hpp;hxx;h++;hm;inl;inc;ipp;xsd</Extensions>
    </Filter>
    <Filter Include="Resource Files">
      <UniqueIdentifier>{67DA6AB6-F800-4c08-8B7A-83BB121AAD01}</UniqueIdentifier>
      <Extensions>rc;ico;cur;bmp;dlg;rc2;rct;bin;rgs;gif;jpg;jpeg;jpe;resx;tiff;tif;png;wav;mfcribbon-ms</Extensions>
    </Filter>
  </ItemGroup>
  <ItemGroup>
    <ClInclude Include="src\core\window\Context.h" />
    <ClInclude Include="src\core\window\Window.h" />
    <ClInclude Include="src\core\window\WindowException.h" />
    <ClInclude Include="src\core\window\WindowManager.h" />
    <ClInclude Include="src\core\window\WindowTypes.h" />
    <ClInclude Include="src\core\window\WindowDialogs.h" />
    <ClInclude Include="src\pipeline\device\Device.h" />
    <ClInclude Include="src\core\input\InputSystem.h" />
    <ClInclude Include="src\core\input\InputTypes.h" />
    <ClInclude Include="src\core\time\FrameClock.h" />
    <ClCompile Include="src\resource\stb_image.cpp">
      <Filter>Source Files</Filter>
    </ClCompile>
    <ClCompile Include="src\resource\tiny_obj_loader.cpp">
      <Filter>Source Files</Filter>
    </ClCompile>
    <ClCompile Include="src\core\Main.cpp">
      <Filter>Source Files</Filter>
    </ClCompile>
    <ClCompile Include="src\scene\Camera.cpp">
      <Filter>Source Files</Filter>
    </ClCompile>
    <ClCompile Include="src\scene\SpotLightSource.cpp">
      <Filter>Source Files</Filter>
    </ClCompile>
    <ClCompile Include="src\scene\PointLightSource.cpp">
      <Filter>Source Files</Filter>
    </ClCompile>
    <ClCompile Include="src\scene\DirectionalLightSource.cpp">
      <Filter>Source Files</Filter>
    </ClCompile>
    <ClCompile Include="src\scene\PointLightSource.h">
      <Filter>Header Files</Filter>
    </ClCompile>
    <ClCompile Include="src\core\app\Application.cpp">
      <Filter>Source Files</Filter>
    </ClCompile>
    <ClCompile Include="src\resource\asset\importer\ModelAssetImporter.cpp">
      <Filter>Source Files</Filter>
    </ClCompile>
    <ClCompile Include="src\pipeline\buffer\VertexBuffer.cpp">
      <Filter>Source Files</Filter>
    </ClCompile>
    <ClCompile Include="src\pipeline\vertex\VertexDescriptor.cpp">
      <Filter>Source Files</Filter>
    </ClCompile>
    <ClCompile Include="src\resource\asset\ModelAsset.cpp">
      <Filter>Source Files</Filter>
    </ClCompile>
    <ClCompile Include="src\resource\asset\Texture2DAsset.cpp">
      <Filter>Source Files</Filter>
    </ClCompile>
    <ClCompile Include="src\pipeline\texture\Texture2D.cpp">
      <Filter>Source Files</Filter>
    </ClCompile>
    <ClCompile Include="src\resource\asset\importer\Texture2DImporter.cpp">
      <Filter>Source Files</Filter>
    </ClCompile>
    <ClCompile Include="src\resource\asset\importer\AssetImportException.cpp">
      <Filter>Source Files</Filter>
    </ClCompile>
    <ClCompile Include="src\resource\asset\importer\AssetImporter.cpp">
      <Filter>Source Files</Filter>
    </ClCompile>
    <ClCompile Include="src\resource\asset\AssetManager.cpp">
      <Filter>Source Files</Filter>
    </ClCompile>
    <ClCompile Include="src\component\object\CObjectTransformComponent.cpp">
      <Filter>Source Files</Filter>
    </ClCompile>
    <ClCompile Include="src\scene\Object.cpp">
      <Filter>Source Files</Filter>
    </ClCompile>
    <ClCompile Include="src\component\ComponentValidation.cpp">
      <Filter>Source Files</Filter>
    </ClCompile>
    <ClCompile Include="src\renderer\LightBufferManager.cpp">
      <Filter>Source Files</Filter>
    </ClCompile>
    <ClCompile Include="src\renderer\OpenGLRenderer.cpp">
      <Filter>Source Files</Filter>
    </ClCompile>
    <ClCompile Include="src\animation\AnimationSystem.cpp"><Filter>Source Files</Filter></ClCompile>
    <ClCompile Include="src\component\object\CObjectAnimationComponent.cpp"><Filter>Source Files</Filter></ClCompile>
    <ClCompile Include="src\component\object\CObjectMeshComponent.cpp"><Filter>Source Files</Filter></ClCompile>
    <ClCompile Include="src\pipeline\shader\ComputePipeline.cpp"><Filter>Source Files</Filter></ClCompile>
    <ClCompile Include="src\pipeline\shader\GraphicsPipeline.cpp"><Filter>Source Files</Filter></ClCompile>
    <ClCompile Include="src\pipeline\shader\ShaderException.cpp"><Filter>Source Files</Filter></ClCompile>
    <ClCompile Include="src\pipeline\shader\ShaderLibrary.cpp"><Filter>Source Files</Filter></ClCompile>
    <ClCompile Include="src\pipeline\shader\ShaderModule.cpp"><Filter>Source Files</Filter></ClCompile>
    <ClCompile Include="src\pipeline\shader\ShaderPreprocessor.cpp"><Filter>Source Files</Filter></ClCompile>
    <ClCompile Include="src\pipeline\shader\ShaderSourceAsset.cpp"><Filter>Source Files</Filter></ClCompile>
    <ClCompile Include="src\pipeline\shader\ShaderTypes.cpp"><Filter>Source Files</Filter></ClCompile>
    <ClCompile Include="src\renderer\FrameResourceRing.cpp"><Filter>Source Files</Filter></ClCompile>
    <ClCompile Include="src\renderer\HybridDeferredFrameGraph.cpp"><Filter>Source Files</Filter></ClCompile>
    <ClCompile Include="src\renderer\MeshGpuResource.cpp"><Filter>Source Files</Filter></ClCompile>
    <ClCompile Include="src\renderer\RenderCoreValidation.cpp"><Filter>Source Files</Filter></ClCompile>
    <ClCompile Include="src\renderer\RenderGraph.cpp"><Filter>Source Files</Filter></ClCompile>
    <ClCompile Include="src\renderer\SceneExtractor.cpp"><Filter>Source Files</Filter></ClCompile>
    <ClCompile Include="src\renderer\ScenePreparation.cpp"><Filter>Source Files</Filter></ClCompile>
    <ClCompile Include="src\resource\asset\AnimationAsset.cpp"><Filter>Source Files</Filter></ClCompile>
    <ClCompile Include="src\resource\asset\importer\ShaderSourceImporter.cpp"><Filter>Source Files</Filter></ClCompile>
    <ClCompile Include="src\resource\asset\MaterialAsset.cpp"><Filter>Source Files</Filter></ClCompile>
    <ClCompile Include="src\resource\asset\MeshAsset.cpp"><Filter>Source Files</Filter></ClCompile>
    <ClCompile Include="src\resource\asset\SkeletonAsset.cpp"><Filter>Source Files</Filter></ClCompile>
    <ClCompile Include="src\scene\Scene.cpp"><Filter>Source Files</Filter></ClCompile>
    <ClCompile Include="src\scene\SceneCollection.cpp"><Filter>Source Files</Filter></ClCompile>
    <ClCompile Include="src\scene\SceneCommandBuffer.cpp"><Filter>Source Files</Filter></ClCompile>
  </ItemGroup>
  <ItemGroup>
    <None Include="..\..\..\Downloads\buster_drone\scene.bin">
      <Filter>Resource Files</Filter>
    </None>
  </ItemGroup>
  <ItemGroup>
    <ClInclude Include="src\scene\Camera.h">
      <Filter>Header Files</Filter>
    </ClInclude>
    <ClInclude Include="src\scene\SpotLightSource.h">
      <Filter>Header Files</Filter>
    </ClInclude>
    <ClInclude Include="src\scene\DirectionalLightSource.h">
      <Filter>Header Files</Filter>
    </ClInclude>
    <ClInclude Include="src\core\app\Application.h">
      <Filter>Header Files</Filter>
    </ClInclude>
	<ClInclude Include="src\core\events\EventDispatcher.h">
	  <Filter>Header Files</Filter>
	</ClInclude>
    <ClInclude Include="src\core\layers\ApplicationLayer.h">
      <Filter>Header Files</Filter>
    </ClInclude>
    <ClInclude Include="src\core\layers\RenderLayer.h">
      <Filter>Header Files</Filter>
    </ClInclude>
    <ClInclude Include="src\scene\SceneCollection.h">
      <Filter>Header Files</Filter>
    </ClInclude>
    <ClInclude Include="src\resource\asset\importer\AssetImportException.h">
      <Filter>Header Files</Filter>
    </ClInclude>
    <ClInclude Include="src\resource\asset\importer\AssetImporter.h">
      <Filter>Header Files</Filter>
    </ClInclude>
    <ClInclude Include="src\resource\asset\importer\ModelAssetImporter.h">
      <Filter>Header Files</Filter>
    </ClInclude>
    <ClInclude Include="src\pipeline\buffer\VertexBuffer.h">
      <Filter>Header Files</Filter>
    </ClInclude>
    <ClInclude Include="src\pipeline\vertex\VertexDescriptor.h">
      <Filter>Header Files</Filter>
    </ClInclude>
    <ClInclude Include="src\resource\asset\AssetRecord.h">
      <Filter>Header Files</Filter>
    </ClInclude>
    <ClInclude Include="src\resource\asset\ModelAsset.h">
      <Filter>Header Files</Filter>
    </ClInclude>
    <ClInclude Include="src\resource\asset\Texture2DAsset.h">
      <Filter>Header Files</Filter>
    </ClInclude>
    <ClInclude Include="src\pipeline\texture\Texture2D.h">
      <Filter>Header Files</Filter>
    </ClInclude>
    <ClInclude Include="src\resource\asset\importer\Texture2DImporter.h">
      <Filter>Header Files</Filter>
    </ClInclude>
    <ClInclude Include="src\types.h">
      <Filter>Header Files</Filter>
    </ClInclude>
    <ClInclude Include="src\resource\Asset.h">
      <Filter>Header Files</Filter>
    </ClInclude>
    <ClInclude Include="src\resource\asset\AssetTypes.h">
      <Filter>Header Files</Filter>
    </ClInclude>
    <ClInclude Include="src\resource\asset\AssetHandle.h">
      <Filter>Header Files</Filter>
    </ClInclude>
    <ClInclude Include="src\resource\asset\AssetManager.h">
      <Filter>Header Files</Filter>
    </ClInclude>
    <ClInclude Include="src\util\files.h">
      <Filter>Header Files</Filter>
    </ClInclude>
    <ClInclude Include="src\concepts.h">
      <Filter>Header Files</Filter>
    </ClInclude>
    <ClInclude Include="src\util\logger.h">
      <Filter>Header Files</Filter>
    </ClInclude>
    <ClInclude Include="src\util\UUID.h">
      <Filter>Header Files</Filter>
    </ClInclude>
    <ClInclude Include="src\scene\Object.h">
      <Filter>Header Files</Filter>
    </ClInclude>
    <ClInclude Include="src\component\object\CObjectComponent.h">
      <Filter>Header Files</Filter>
    </ClInclude>
    <ClInclude Include="src\component\object\CObjectTransformComponent.h">
      <Filter>Header Files</Filter>
    </ClInclude>
    <ClInclude Include="src\component\Components.h">
      <Filter>Header Files</Filter>
    </ClInclude>
    <ClInclude Include="src\util\memory\TypedPoolAllocator.h">
      <Filter>Header Files</Filter>
    </ClInclude>
    <ClInclude Include="src\meta.h">
      <Filter>Header Files</Filter>
    </ClInclude>
    <ClInclude Include="src\component\ComponentValidation.h">
      <Filter>Header Files</Filter>
    </ClInclude>
    <ClInclude Include="src\renderer\LightBufferManager.h">
      <Filter>Header Files</Filter>
    </ClInclude>
    <ClInclude Include="src\renderer\OpenGLRenderer.h">
      <Filter>Header Files</Filter>
    </ClInclude>
    <ClInclude Include="src\renderer\RenderCommand.h">
      <Filter>Header Files</Filter>
    </ClInclude>
    <ClInclude Include="src\animation\AnimationSystem.h"><Filter>Header Files</Filter></ClInclude>
    <ClInclude Include="src\component\object\CObjectAnimationComponent.h"><Filter>Header Files</Filter></ClInclude>
    <ClInclude Include="src\component\object\CObjectMeshComponent.h"><Filter>Header Files</Filter></ClInclude>
    <ClInclude Include="src\pipeline\shader\ComputePipeline.h"><Filter>Header Files</Filter></ClInclude>
    <ClInclude Include="src\pipeline\shader\GraphicsPipeline.h"><Filter>Header Files</Filter></ClInclude>
    <ClInclude Include="src\pipeline\shader\ShaderException.h"><Filter>Header Files</Filter></ClInclude>
    <ClInclude Include="src\pipeline\shader\ShaderLibrary.h"><Filter>Header Files</Filter></ClInclude>
    <ClInclude Include="src\pipeline\shader\ShaderModule.h"><Filter>Header Files</Filter></ClInclude>
    <ClInclude Include="src\pipeline\shader\ShaderPreprocessor.h"><Filter>Header Files</Filter></ClInclude>
    <ClInclude Include="src\pipeline\shader\ShaderSourceAsset.h"><Filter>Header Files</Filter></ClInclude>
    <ClInclude Include="src\pipeline\shader\ShaderTypes.h"><Filter>Header Files</Filter></ClInclude>
    <ClInclude Include="src\renderer\FrameResourceRing.h"><Filter>Header Files</Filter></ClInclude>
    <ClInclude Include="src\renderer\HybridDeferredFrameGraph.h"><Filter>Header Files</Filter></ClInclude>
    <ClInclude Include="src\renderer\MeshGpuResource.h"><Filter>Header Files</Filter></ClInclude>
    <ClInclude Include="src\renderer\RenderCoreValidation.h"><Filter>Header Files</Filter></ClInclude>
    <ClInclude Include="src\renderer\RendererGpuTypes.h"><Filter>Header Files</Filter></ClInclude>
    <ClInclude Include="src\renderer\RenderGraph.h"><Filter>Header Files</Filter></ClInclude>
    <ClInclude Include="src\renderer\RenderPassPipelineSet.h"><Filter>Header Files</Filter></ClInclude>
    <ClInclude Include="src\renderer\SceneExtractor.h"><Filter>Header Files</Filter></ClInclude>
    <ClInclude Include="src\renderer\ScenePreparation.h"><Filter>Header Files</Filter></ClInclude>
    <ClInclude Include="src\resource\asset\AnimationAsset.h"><Filter>Header Files</Filter></ClInclude>
    <ClInclude Include="src\resource\asset\AssetException.h"><Filter>Header Files</Filter></ClInclude>
    <ClInclude Include="src\resource\asset\importer\ShaderSourceImporter.h"><Filter>Header Files</Filter></ClInclude>
    <ClInclude Include="src\resource\asset\MaterialAsset.h"><Filter>Header Files</Filter></ClInclude>
    <ClInclude Include="src\resource\asset\MeshAsset.h"><Filter>Header Files</Filter></ClInclude>
    <ClInclude Include="src\resource\asset\SkeletonAsset.h"><Filter>Header Files</Filter></ClInclude>
    <ClInclude Include="src\scene\detail\DenseGenerationalPool.h"><Filter>Header Files</Filter></ClInclude>
    <ClInclude Include="src\scene\Scene.h"><Filter>Header Files</Filter></ClInclude>
    <ClInclude Include="src\scene\SceneCommandBuffer.h"><Filter>Header Files</Filter></ClInclude>
    <ClInclude Include="src\scene\SceneException.h"><Filter>Header Files</Filter></ClInclude>
    <ClInclude Include="src\scene\SceneHandles.h"><Filter>Header Files</Filter></ClInclude>
  </ItemGroup>
</Project>
